{
  "name": "mern",
  "version": "1.0.0",
  "lockfileVersion": 1,
  "requires": true,
  "dependencies": {
    "mdbootstrap": {
      "version": "4.5.1",
      "resolved": "https://registry.npmjs.org/mdbootstrap/-/mdbootstrap-4.5.1.tgz",
      "integrity": "sha512-mQzlyE+tWPm6bAIpIOVhcXA9M5PGXUk0rP3t6JoKTVzYDf3bAvJ12Kmx1FxwPs0GlZVl9nGEhXzCyoLqZExZIg=="
    }
  }
}
